
Microsoft Visual Studio Solution File, Format Version 12.00
# Visual Studio 14
VisualStudioVersion = 14.0.25123.0
MinimumVisualStudioVersion = 10.0.40219.1
Project("{FAE04EC0-301F-11D3-BF4B-00C04F79EFBC}") = "Point Font Temple", "Point Font Temple\Point Font Temple.csproj", "{FB51B696-6F6F-40E7-AD7C-3B2A8EBA2C31}"
EndProject
Project("{54435603-DBB4-11D2-8724-00A0C9A8B90C}") = "Power Point Font", "Power Point Font\Power Point Font.vdproj", "{113C9DF1-B2A2-427A-B551-5E238236641F}"
EndProject
Global
	GlobalSection(SolutionConfigurationPlatforms) = preSolution
		Debug|Any CPU = Debug|Any CPU
		Release|Any CPU = Release|Any CPU
	EndGlobalSection
	GlobalSection(ProjectConfigurationPlatforms) = postSolution
		{FB51B696-6F6F-40E7-AD7C-3B2A8EBA2C31}.Debug|Any CPU.ActiveCfg = Debug|Any CPU
		{FB51B696-6F6F-40E7-AD7C-3B2A8EBA2C31}.Debug|Any CPU.Build.0 = Debug|Any CPU
		{FB51B696-6F6F-40E7-AD7C-3B2A8EBA2C31}.Release|Any CPU.ActiveCfg = Release|Any CPU
		{FB51B696-6F6F-40E7-AD7C-3B2A8EBA2C31}.Release|Any CPU.Build.0 = Release|Any CPU
		{113C9DF1-B2A2-427A-B551-5E238236641F}.Debug|Any CPU.ActiveCfg = Debug
		{113C9DF1-B2A2-427A-B551-5E238236641F}.Release|Any CPU.ActiveCfg = Release
	EndGlobalSection
	GlobalSection(SolutionProperties) = preSolution
		HideSolutionNode = FALSE
	EndGlobalSection
EndGlobal
